// !$*UTF8*$!
{
	archiveVersion = 1;
	classes = {
	};
	objectVersion = 48;
	objects = {

/* Begin PBXBuildFile section */
		AC26FCF21FF260CA0029CD5A /* AppDelegate.swift in Sources */ = {isa = PBXBuildFile; fileRef = AC26FCF11FF260CA0029CD5A /* AppDelegate.swift */; };
		AC26FCF41FF260CA0029CD5A /* ViewController.swift in Sources */ = {isa = PBXBuildFile; fileRef = AC26FCF31FF260CA0029CD5A /* ViewController.swift */; };
		AC26FCF71FF260CA0029CD5A /* Main.storyboard in Resources */ = {isa = PBXBuildFile; fileRef = AC26FCF51FF260CA0029CD5A /* Main.storyboard */; };
		AC26FCF91FF260CA0029CD5A /* Assets.xcassets in Resources */ = {isa = PBXBuildFile; fileRef = AC26FCF81FF260CA0029CD5A /* Assets.xcassets */; };
		AC26FCFC1FF260CA0029CD5A /* LaunchScreen.storyboard in Resources */ = {isa = PBXBuildFile; fileRef = AC26FCFA1FF260CA0029CD5A /* LaunchScreen.storyboard */; };
/* End PBXBuildFile section */

/* Begin PBXFileReference section */
		AC26FCEE1FF260CA0029CD5A /* destroytheworld.app */ = {isa = PBXFileReference; explicitFileType = wrapper.application; includeInIndex = 0; path = destroytheworld.app; sourceTree = BUILT_PRODUCTS_DIR; };
		AC26FCF11FF260CA0029CD5A /* AppDelegate.swift */ = {isa = PBXFileReference; lastKnownFileType = sourcecode.swift; path = AppDelegate.swift; sourceTree = "<group>"; };
		AC26FCF31FF260CA0029CD5A /* ViewController.swift */ = {isa = PBXFileReference; lastKnownFileType = sourcecode.swift; path = ViewController.swift; sourceTree = "<group>"; };
		AC26FCF61FF260CA0029CD5A /* Base */ = {isa = PBXFileReference; lastKnownFileType = file.storyboard; name = Base; path = Base.lproj/Main.storyboard; sourceTree = "<group>"; };
		AC26FCF81FF260CA0029CD5A /* Assets.xcassets */ = {isa = PBXFileReference; lastKnownFileType = folder.assetcatalog; path = Assets.xcassets; sourceTree = "<group>"; };
		AC26FCFB1FF260CA0029CD5A /* Base */ = {isa = PBXFileReference; lastKnownFileType = file.storyboard; name = Base; path = Base.lproj/LaunchScreen.storyboard; sourceTree = "<group>"; };
		AC26FCFD1FF260CA0029CD5A /* Info.plist */ = {isa = PBXFileReference; lastKnownFileType = text.plist.xml; path = Info.plist; sourceTree = "<group>"; };
/* End PBXFileReference section */

/* Begin PBXFrameworksBuildPhase section */
		AC26FCEB1FF260CA0029CD5A /* Frameworks */ = {
			isa = PBXFrameworksBuildPhase;
			buildActionMask = 2147483647;
			files = (
			);
			runOnlyForDeploymentPostprocessing = 0;
		};
/* End PBXFrameworksBuildPhase section */

/* Begin PBXGroup section */
		AC26FCE51FF260CA0029CD5A = {
			isa = PBXGroup;
			children = (
				AC26FCF01FF260CA0029CD5A /* destroytheworld */,
				AC26FCEF1FF260CA0029CD5A /* Products */,
			);
			sourceTree = "<group>";
		};
		AC26FCEF1FF260CA0029CD5A /* Products */ = {
			isa = PBXGroup;
			children = (
				AC26FCEE1FF260CA0029CD5A /* destroytheworld.app */,
			);
			name = Products;
			sourceTree = "<group>";
		};
		AC26FCF01FF260CA0029CD5A /* destroytheworld */ = {
			isa = PBXGroup;
			children = (
				AC26FCF11FF260CA0029CD5A /* AppDelegate.swift */,
				AC26FCF31FF260CA0029CD5A /* ViewController.swift */,
				AC26FCF51FF260CA0029CD5A /* Main.storyboard */,
				AC26FCF81FF260CA0029CD5A /* Assets.xcassets */,
				AC26FCFA1FF260CA0029CD5A /* LaunchScreen.storyboard */,
				AC26FCFD1FF260CA0029CD5A /* Info.plist */,
			);
			path = destroytheworld;
			sourceTree = "<group>";
		};
/* End PBXGroup section */

/* Begin PBXNativeTarget section */
		AC26FCED1FF260CA0029CD5A /* destroytheworld */ = {
			isa = PBXNativeTarget;
			buildConfigurationList = AC26FD001FF260CA0029CD5A /* Build configuration list for PBXNativeTarget "destroytheworld" */;
			buildPhases = (
				AC26FCEA1FF260CA0029CD5A /* Sources */,
				AC26FCEB1FF260CA0029CD5A /* Frameworks */,
				AC26FCEC1FF260CA0029CD5A /* Resources */,
			);
			buildRules = (
			);
			dependencies = (
			);
			name = destroytheworld;
			productName = destroytheworld;
			productReference = AC26FCEE1FF260CA0029CD5A /* destroytheworld.app */;
			productType = "com.apple.product-type.application";
		};
/* End PBXNativeTarget section */

/* Begin PBXProject section */
		AC26FCE61FF260CA0029CD5A /* Project object */ = {
			isa = PBXProject;
			attributes = {
				LastSwiftUpdateCheck = 0920;
				LastUpgradeCheck = 0920;
				ORGANIZATIONNAME = MyOrg;
				TargetAttributes = {
					AC26FCED1FF260CA0029CD5A = {
						CreatedOnToolsVersion = 9.2;
						ProvisioningStyle = Automatic;
					};
				};
			};
			buildConfigurationList = AC26FCE91FF260CA0029CD5A /* Build configuration list for PBXProject "destroytheworld" */;
			compatibilityVersion = "Xcode 8.0";
			developmentRegion = en;
			hasScannedForEncodings = 0;
			knownRegions = (
				en,
				Base,
			);
			mainGroup = AC26FCE51FF260CA0029CD5A;
			productRefGroup = AC26FCEF1FF260CA0029CD5A /* Products */;
			projectDirPath = "";
			projectRoot = "";
			targets = (
				AC26FCED1FF260CA0029CD5A /* destroytheworld */,
			);
		};
/* End PBXProject section */

/* Begin PBXResourcesBuildPhase section */
		AC26FCEC1FF260CA0029CD5A /* Resources */ = {
			isa = PBXResourcesBuildPhase;
			buildActionMask = 2147483647;
			files = (
				AC26FCFC1FF260CA0029CD5A /* LaunchScreen.storyboard in Resources */,
				AC26FCF91FF260CA0029CD5A /* Assets.xcassets in Resources */,
				AC26FCF71FF260CA0029CD5A /* Main.storyboard in Resources */,
			);
			runOnlyForDeploymentPostprocessing = 0;
		};
/* End PBXResourcesBuildPhase section */

/* Begin PBXSourcesBuildPhase section */
		AC26FCEA1FF260CA0029CD5A /* Sources */ = {
			isa = PBXSourcesBuildPhase;
			buildActionMask = 2147483647;
			files = (
				AC26FCF41FF260CA0029CD5A /* ViewController.swift in Sources */,
				AC26FCF21FF260CA0029CD5A /* AppDelegate.swift in Sources */,
			);
			runOnlyForDeploymentPostprocessing = 0;
		};
/* End PBXSourcesBuildPhase section */

/* Begin PBXVariantGroup section */
		AC26FCF51FF260CA0029CD5A /* Main.storyboard */ = {
			isa = PBXVariantGroup;
			children = (
				AC26FCF61FF260CA0029CD5A /* Base */,
			);
			name = Main.storyboard;
			sourceTree = "<group>";
		};
		AC26FCFA1FF260CA0029CD5A /* LaunchScreen.storyboard */ = {
			isa = PBXVariantGroup;
			children = (
				AC26FCFB1FF260CA0029CD5A /* Base */,
			);
			name = LaunchScreen.storyboard;
			sourceTree = "<group>";
		};
/* End PBXVariantGroup section */

/* Begin XCBuildConfiguration section */
		AC26FCFE1FF260CA0029CD5A /* Debug */ = {
			isa = XCBuildConfiguration;
			buildSettings = {
				ALWAYS_SEARCH_USER_PATHS = NO;
				CLANG_ANALYZER_NONNULL = YES;
				CLANG_ANALYZER_NUMBER_OBJECT_CONVERSION = YES_AGGRESSIVE;
				CLANG_CXX_LANGUAGE_STANDARD = "gnu++14";
				CLANG_CXX_LIBRARY = "libc++";
				CLANG_ENABLE_MODULES = YES;
				CLANG_ENABLE_OBJC_ARC = YES;
				CLANG_WARN_BLOCK_CAPTURE_AUTORELEASING = YES;
				CLANG_WARN_BOOL_CONVERSION = YES;
				CLANG_WARN_COMMA = YES;
				CLANG_WARN_CONSTANT_CONVERSION = YES;
				CLANG_WARN_DIRECT_OBJC_ISA_USAGE = YES_ERROR;
				CLANG_WARN_DOCUMENTATION_COMMENTS = YES;
				CLANG_WARN_EMPTY_BODY = YES;
				CLANG_WARN_ENUM_CONVERSION = YES;
				CLANG_WARN_INFINITE_RECURSION = YES;
				CLANG_WARN_INT_CONVERSION = YES;
				CLANG_WARN_NON_LITERAL_NULL_CONVERSION = YES;
				CLANG_WARN_OBJC_LITERAL_CONVERSION = YES;
				CLANG_WARN_OBJC_ROOT_CLASS = YES_ERROR;
				CLANG_WARN_RANGE_LOOP_ANALYSIS = YES;
				CLANG_WARN_STRICT_PROTOTYPES = YES;
				CLANG_WARN_SUSPICIOUS_MOVE = YES;
				CLANG_WARN_UNGUARDED_AVAILABILITY = YES_AGGRESSIVE;
				CLANG_WARN_UNREACHABLE_CODE = YES;
				CLANG_WARN__DUPLICATE_METHOD_MATCH = YES;
				CODE_SIGN_IDENTITY = "iPhone Developer";
				COPY_PHASE_STRIP = NO;
				DEBUG_INFORMATION_FORMAT = dwarf;
				ENABLE_STRICT_OBJC_MSGSEND = YES;
				ENABLE_TESTABILITY = YES;
				GCC_C_LANGUAGE_STANDARD = gnu11;
				GCC_DYNAMIC_NO_PIC = NO;
				GCC_NO_COMMON_BLOCKS = YES;
				GCC_OPTIMIZATION_LEVEL = 0;
				GCC_PREPROCESSOR_DEFINITIONS = (
					"DEBUG=1",
					"$(inherited)",
				);
				GCC_WARN_64_TO_32_BIT_CONVERSION = YES;
				GCC_WARN_ABOUT_RETURN_TYPE = YES_ERROR;
				GCC_WARN_UNDECLARED_SELECTOR = YES;
				GCC_WARN_UNINITIALIZED_AUTOS = YES_AGGRESSIVE;
				GCC_WARN_UNUSED_FUNCTION = YES;
				GCC_WARN_UNUSED_VARIABLE = YES;
				IPHONEOS_DEPLOYMENT_TARGET = 11.2;
				MTL_ENABLE_DEBUG_INFO = YES;
				ONLY_ACTIVE_ARCH = YES;
				SDKROOT = iphoneos;
				SWIFT_ACTIVE_COMPILATION_CONDITIONS = DEBUG;
				SWIFT_OPTIMIZATION_LEVEL = "-Onone";
			};
			name = Debug;
		};
		AC26FCFF1FF260CA0029CD5A /* Release */ = {
			isa = XCBuildConfiguration;
			buildSettings = {
				ALWAYS_SEARCH_USER_PATHS = NO;
				CLANG_ANALYZER_NONNULL = YES;
				CLANG_ANALYZER_NUMBER_OBJECT_CONVERSION = YES_AGGRESSIVE;
				CLANG_CXX_LANGUAGE_STANDARD = "gnu++14";
				CLANG_CXX_LIBRARY = "libc++";
				CLANG_ENABLE_MODULES = YES;
				CLANG_ENABLE_OBJC_ARC = YES;
				CLANG_WARN_BLOCK_CAPTURE_AUTORELEASING = YES;
				CLANG_WARN_BOOL_CONVERSION = YES;
				CLANG_WARN_COMMA = YES;
				CLANG_WARN_CONSTANT_CONVERSION = YES;
				CLANG_WARN_DIRECT_OBJC_ISA_USAGE = YES_ERROR;
				CLANG_WARN_DOCUMENTATION_COMMENTS = YES;
				CLANG_WARN_EMPTY_BODY = YES;
				CLANG_WARN_ENUM_CONVERSION = YES;
				CLANG_WARN_INFINITE_RECURSION = YES;
				CLANG_WARN_INT_CONVERSION = YES;
				CLANG_WARN_NON_LITERAL_NULL_CONVERSION = YES;
				CLANG_WARN_OBJC_LITERAL_CONVERSION = YES;
				CLANG_WARN_OBJC_ROOT_CLASS = YES_ERROR;
				CLANG_WARN_RANGE_LOOP_ANALYSIS = YES;
				CLANG_WARN_STRICT_PROTOTYPES = YES;
				CLANG_WARN_SUSPICIOUS_MOVE = YES;
				CLANG_WARN_UNGUARDED_AVAILABILITY = YES_AGGRESSIVE;
				CLANG_WARN_UNREACHABLE_CODE = YES;
				CLANG_WARN__DUPLICATE_METHOD_MATCH = YES;
				CODE_SIGN_IDENTITY = "iPhone Developer";
				COPY_PHASE_STRIP = NO;
				DEBUG_INFORMATION_FORMAT = "dwarf-with-dsym";
				ENABLE_NS_ASSERTIONS = NO;
				ENABLE_STRICT_OBJC_MSGSEND = YES;
				GCC_C_LANGUAGE_STANDARD = gnu11;
				GCC_NO_COMMON_BLOCKS = YES;
				GCC_WARN_64_TO_32_BIT_CONVERSION = YES;
				GCC_WARN_ABOUT_RETURN_TYPE = YES_ERROR;
				GCC_WARN_UNDECLARED_SELECTOR = YES;
				GCC_WARN_UNINITIALIZED_AUTOS = YES_AGGRESSIVE;
				GCC_WARN_UNUSED_FUNCTION = YES;
				GCC_WARN_UNUSED_VARIABLE = YES;
				IPHONEOS_DEPLOYMENT_TARGET = 11.2;
				MTL_ENABLE_DEBUG_INFO = NO;
				SDKROOT = iphoneos;
				SWIFT_OPTIMIZATION_LEVEL = "-Owholemodule";
				VALIDATE_PRODUCT = YES;
			};
			name = Release;
		};
		AC26FD011FF260CA0029CD5A /* Debug */ = {
			isa = XCBuildConfiguration;
			buildSettings = {
				ASSETCATALOG_COMPILER_APPICON_NAME = AppIcon;
				CODE_SIGN_STYLE = Automatic;
				DEVELOPMENT_TEAM = KQFHSW66S4;
				INFOPLIST_FILE = destroytheworld/Info.plist;
				LD_RUNPATH_SEARCH_PATHS = "$(inherited) @executable_path/Frameworks";
				PRODUCT_BUNDLE_IDENTIFIER = MyOrg.destroytheworld;
				PRODUCT_NAME = "$(TARGET_NAME)";
				SWIFT_VERSION = 4.0;
				TARGETED_DEVICE_FAMILY = "1,2";
			};
			name = Debug;
		};
		AC26FD021FF260CA0029CD5A /* Release */ = {
			isa = XCBuildConfiguration;
			buildSettings = {
				ASSETCATALOG_COMPILER_APPICON_NAME = AppIcon;
				CODE_SIGN_STYLE = Automatic;
				DEVELOPMENT_TEAM = KQFHSW66S4;
				INFOPLIST_FILE = destroytheworld/Info.plist;
				LD_RUNPATH_SEARCH_PATHS = "$(inherited) @executable_path/Frameworks";
				PRODUCT_BUNDLE_IDENTIFIER = MyOrg.destroytheworld;
				PRODUCT_NAME = "$(TARGET_NAME)";
				SWIFT_VERSION = 4.0;
				TARGETED_DEVICE_FAMILY = "1,2";
			};
			name = Release;
		};
/* End XCBuildConfiguration section */

/* Begin XCConfigurationList section */
		AC26FCE91FF260CA0029CD5A /* Build configuration list for PBXProject "destroytheworld" */ = {
			isa = XCConfigurationList;
			buildConfigurations = (
				AC26FCFE1FF260CA0029CD5A /* Debug */,
				AC26FCFF1FF260CA0029CD5A /* Release */,
			);
			defaultConfigurationIsVisible = 0;
			defaultConfigurationName = Release;
		};
		AC26FD001FF260CA0029CD5A /* Build configuration list for PBXNativeTarget "destroytheworld" */ = {
			isa = XCConfigurationList;
			buildConfigurations = (
				AC26FD011FF260CA0029CD5A /* Debug */,
				AC26FD021FF260CA0029CD5A /* Release */,
			);
			defaultConfigurationIsVisible = 0;
			defaultConfigurationName = Release;
		};
/* End XCConfigurationList section */
	};
	rootObject = AC26FCE61FF260CA0029CD5A /* Project object */;
}
